
Microsoft Visual Studio Solution File, Format Version 12.00
# Visual Studio Version 16
VisualStudioVersion = 16.0.32106.194
MinimumVisualStudioVersion = 10.0.40219.1
Project("{FAE04EC0-301F-11D3-BF4B-00C04F79EFBC}") = "GUI", "GUI.csproj", "{03353CA9-5222-49F7-B7A7-37B599A27513}"
EndProject
Global
	GlobalSection(SolutionConfigurationPlatforms) = preSolution
		Debug|Any CPU = Debug|Any CPU
		Release|Any CPU = Release|Any CPU
	EndGlobalSection
	GlobalSection(ProjectConfigurationPlatforms) = postSolution
		{03353CA9-5222-49F7-B7A7-37B599A27513}.Debug|Any CPU.ActiveCfg = Debug|Any CPU
		{03353CA9-5222-49F7-B7A7-37B599A27513}.Debug|Any CPU.Build.0 = Debug|Any CPU
		{03353CA9-5222-49F7-B7A7-37B599A27513}.Release|Any CPU.ActiveCfg = Release|Any CPU
		{03353CA9-5222-49F7-B7A7-37B599A27513}.Release|Any CPU.Build.0 = Release|Any CPU
	EndGlobalSection
	GlobalSection(SolutionProperties) = preSolution
		HideSolutionNode = FALSE
	EndGlobalSection
	GlobalSection(ExtensibilityGlobals) = postSolution
		SolutionGuid = {D1015F97-6775-4DD1-871B-4620597EAE34}
	EndGlobalSection
EndGlobal
